
Microsoft Visual Studio Solution File, Format Version 12.00
# Visual Studio 15
VisualStudioVersion = 15.0.28010.2048
MinimumVisualStudioVersion = 10.0.40219.1
Project("{888888A0-9F3D-457C-B088-3A5042F75D52}") = "chess-treepos", "chess-treepos\chess-treepos.pyproj", "{0A443F12-57B5-47A5-8572-9207ED79637F}"
EndProject
Global
	GlobalSection(SolutionConfigurationPlatforms) = preSolution
		Debug|Any CPU = Debug|Any CPU
		Release|Any CPU = Release|Any CPU
	EndGlobalSection
	GlobalSection(ProjectConfigurationPlatforms) = postSolution
		{0A443F12-57B5-47A5-8572-9207ED79637F}.Debug|Any CPU.ActiveCfg = Debug|Any CPU
		{0A443F12-57B5-47A5-8572-9207ED79637F}.Release|Any CPU.ActiveCfg = Release|Any CPU
	EndGlobalSection
	GlobalSection(SolutionProperties) = preSolution
		HideSolutionNode = FALSE
	EndGlobalSection
	GlobalSection(ExtensibilityGlobals) = postSolution
		SolutionGuid = {2F5A049E-612A-40FE-81DC-C1014567C107}
	EndGlobalSection
EndGlobal
